
Microsoft Visual Studio Solution File, Format Version 12.00
Project("{FAE04EC0-301F-11D3-BF4B-00C04F79EFBC}") = "Ape.Interpreter", "Ape.Interpreter\Ape.Interpreter.csproj", "{D92356FA-0057-49D4-A7AC-C4CA173D474F}"
EndProject
Project("{FAE04EC0-301F-11D3-BF4B-00C04F79EFBC}") = "Ape.Interpreter.Tests", "Ape.Interpreter.Tests\Ape.Interpreter.Tests.csproj", "{2278E721-93AF-4DB3-BB09-3C29473C7FB2}"
EndProject
Global
	GlobalSection(SolutionConfigurationPlatforms) = preSolution
		Debug|Any CPU = Debug|Any CPU
		Release|Any CPU = Release|Any CPU
	EndGlobalSection
	GlobalSection(ProjectConfigurationPlatforms) = postSolution
		{D92356FA-0057-49D4-A7AC-C4CA173D474F}.Debug|Any CPU.ActiveCfg = Debug|Any CPU
		{D92356FA-0057-49D4-A7AC-C4CA173D474F}.Debug|Any CPU.Build.0 = Debug|Any CPU
		{D92356FA-0057-49D4-A7AC-C4CA173D474F}.Release|Any CPU.ActiveCfg = Release|Any CPU
		{D92356FA-0057-49D4-A7AC-C4CA173D474F}.Release|Any CPU.Build.0 = Release|Any CPU
		{2278E721-93AF-4DB3-BB09-3C29473C7FB2}.Debug|Any CPU.ActiveCfg = Debug|Any CPU
		{2278E721-93AF-4DB3-BB09-3C29473C7FB2}.Debug|Any CPU.Build.0 = Debug|Any CPU
		{2278E721-93AF-4DB3-BB09-3C29473C7FB2}.Release|Any CPU.ActiveCfg = Release|Any CPU
		{2278E721-93AF-4DB3-BB09-3C29473C7FB2}.Release|Any CPU.Build.0 = Release|Any CPU
	EndGlobalSection
EndGlobal
